// !$*UTF8*$!
{
	archiveVersion = 1;
	classes = {
	};
	objectVersion = 48;
	objects = {

/* Begin PBXBuildFile section */
		043600EE21BD8175006F437F /* AppDelegate.swift in Sources */ = {isa = PBXBuildFile; fileRef = 043600ED21BD8175006F437F /* AppDelegate.swift */; };
		043600F021BD8175006F437F /* ViewController.swift in Sources */ = {isa = PBXBuildFile; fileRef = 043600EF21BD8175006F437F /* ViewController.swift */; };
		043600F321BD8175006F437F /* Main.storyboard in Resources */ = {isa = PBXBuildFile; fileRef = 043600F121BD8175006F437F /* Main.storyboard */; };
		043600F521BD8175006F437F /* Assets.xcassets in Resources */ = {isa = PBXBuildFile; fileRef = 043600F421BD8175006F437F /* Assets.xcassets */; };
		043600F821BD8175006F437F /* LaunchScreen.storyboard in Resources */ = {isa = PBXBuildFile; fileRef = 043600F621BD8175006F437F /* LaunchScreen.storyboard */; };
		0436010321BD8176006F437F /* BasicLayoutsTests.swift in Sources */ = {isa = PBXBuildFile; fileRef = 0436010221BD8176006F437F /* BasicLayoutsTests.swift */; };
		0436010E21BD8176006F437F /* BasicLayoutsUITests.swift in Sources */ = {isa = PBXBuildFile; fileRef = 0436010D21BD8176006F437F /* BasicLayoutsUITests.swift */; };
/* End PBXBuildFile section */

/* Begin PBXContainerItemProxy section */
		043600FF21BD8176006F437F /* PBXContainerItemProxy */ = {
			isa = PBXContainerItemProxy;
			containerPortal = 043600E221BD8175006F437F /* Project object */;
			proxyType = 1;
			remoteGlobalIDString = 043600E921BD8175006F437F;
			remoteInfo = BasicLayouts;
		};
		0436010A21BD8176006F437F /* PBXContainerItemProxy */ = {
			isa = PBXContainerItemProxy;
			containerPortal = 043600E221BD8175006F437F /* Project object */;
			proxyType = 1;
			remoteGlobalIDString = 043600E921BD8175006F437F;
			remoteInfo = BasicLayouts;
		};
/* End PBXContainerItemProxy section */

/* Begin PBXFileReference section */
		043600EA21BD8175006F437F /* BasicLayouts.app */ = {isa = PBXFileReference; explicitFileType = wrapper.application; includeInIndex = 0; path = BasicLayouts.app; sourceTree = BUILT_PRODUCTS_DIR; };
		043600ED21BD8175006F437F /* AppDelegate.swift */ = {isa = PBXFileReference; lastKnownFileType = sourcecode.swift; path = AppDelegate.swift; sourceTree = "<group>"; };
		043600EF21BD8175006F437F /* ViewController.swift */ = {isa = PBXFileReference; lastKnownFileType = sourcecode.swift; path = ViewController.swift; sourceTree = "<group>"; };
		043600F221BD8175006F437F /* Base */ = {isa = PBXFileReference; lastKnownFileType = file.storyboard; name = Base; path = Base.lproj/Main.storyboard; sourceTree = "<group>"; };
		043600F421BD8175006F437F /* Assets.xcassets */ = {isa = PBXFileReference; lastKnownFileType = folder.assetcatalog; path = Assets.xcassets; sourceTree = "<group>"; };
		043600F721BD8175006F437F /* Base */ = {isa = PBXFileReference; lastKnownFileType = file.storyboard; name = Base; path = Base.lproj/LaunchScreen.storyboard; sourceTree = "<group>"; };
		043600F921BD8175006F437F /* Info.plist */ = {isa = PBXFileReference; lastKnownFileType = text.plist.xml; path = Info.plist; sourceTree = "<group>"; };
		043600FE21BD8176006F437F /* BasicLayoutsTests.xctest */ = {isa = PBXFileReference; explicitFileType = wrapper.cfbundle; includeInIndex = 0; path = BasicLayoutsTests.xctest; sourceTree = BUILT_PRODUCTS_DIR; };
		0436010221BD8176006F437F /* BasicLayoutsTests.swift */ = {isa = PBXFileReference; lastKnownFileType = sourcecode.swift; path = BasicLayoutsTests.swift; sourceTree = "<group>"; };
		0436010421BD8176006F437F /* Info.plist */ = {isa = PBXFileReference; lastKnownFileType = text.plist.xml; path = Info.plist; sourceTree = "<group>"; };
		0436010921BD8176006F437F /* BasicLayoutsUITests.xctest */ = {isa = PBXFileReference; explicitFileType = wrapper.cfbundle; includeInIndex = 0; path = BasicLayoutsUITests.xctest; sourceTree = BUILT_PRODUCTS_DIR; };
		0436010D21BD8176006F437F /* BasicLayoutsUITests.swift */ = {isa = PBXFileReference; lastKnownFileType = sourcecode.swift; path = BasicLayoutsUITests.swift; sourceTree = "<group>"; };
		0436010F21BD8176006F437F /* Info.plist */ = {isa = PBXFileReference; lastKnownFileType = text.plist.xml; path = Info.plist; sourceTree = "<group>"; };
/* End PBXFileReference section */

/* Begin PBXFrameworksBuildPhase section */
		043600E721BD8175006F437F /* Frameworks */ = {
			isa = PBXFrameworksBuildPhase;
			buildActionMask = 2147483647;
			files = (
			);
			runOnlyForDeploymentPostprocessing = 0;
		};
		043600FB21BD8176006F437F /* Frameworks */ = {
			isa = PBXFrameworksBuildPhase;
			buildActionMask = 2147483647;
			files = (
			);
			runOnlyForDeploymentPostprocessing = 0;
		};
		0436010621BD8176006F437F /* Frameworks */ = {
			isa = PBXFrameworksBuildPhase;
			buildActionMask = 2147483647;
			files = (
			);
			runOnlyForDeploymentPostprocessing = 0;
		};
/* End PBXFrameworksBuildPhase section */

/* Begin PBXGroup section */
		043600E121BD8175006F437F = {
			isa = PBXGroup;
			children = (
				043600EC21BD8175006F437F /* BasicLayouts */,
				0436010121BD8176006F437F /* BasicLayoutsTests */,
				0436010C21BD8176006F437F /* BasicLayoutsUITests */,
				043600EB21BD8175006F437F /* Products */,
			);
			sourceTree = "<group>";
		};
		043600EB21BD8175006F437F /* Products */ = {
			isa = PBXGroup;
			children = (
				043600EA21BD8175006F437F /* BasicLayouts.app */,
				043600FE21BD8176006F437F /* BasicLayoutsTests.xctest */,
				0436010921BD8176006F437F /* BasicLayoutsUITests.xctest */,
			);
			name = Products;
			sourceTree = "<group>";
		};
		043600EC21BD8175006F437F /* BasicLayouts */ = {
			isa = PBXGroup;
			children = (
				043600ED21BD8175006F437F /* AppDelegate.swift */,
				043600EF21BD8175006F437F /* ViewController.swift */,
				043600F121BD8175006F437F /* Main.storyboard */,
				043600F421BD8175006F437F /* Assets.xcassets */,
				043600F621BD8175006F437F /* LaunchScreen.storyboard */,
				043600F921BD8175006F437F /* Info.plist */,
			);
			path = BasicLayouts;
			sourceTree = "<group>";
		};
		0436010121BD8176006F437F /* BasicLayoutsTests */ = {
			isa = PBXGroup;
			children = (
				0436010221BD8176006F437F /* BasicLayoutsTests.swift */,
				0436010421BD8176006F437F /* Info.plist */,
			);
			path = BasicLayoutsTests;
			sourceTree = "<group>";
		};
		0436010C21BD8176006F437F /* BasicLayoutsUITests */ = {
			isa = PBXGroup;
			children = (
				0436010D21BD8176006F437F /* BasicLayoutsUITests.swift */,
				0436010F21BD8176006F437F /* Info.plist */,
			);
			path = BasicLayoutsUITests;
			sourceTree = "<group>";
		};
/* End PBXGroup section */

/* Begin PBXNativeTarget section */
		043600E921BD8175006F437F /* BasicLayouts */ = {
			isa = PBXNativeTarget;
			buildConfigurationList = 0436011221BD8176006F437F /* Build configuration list for PBXNativeTarget "BasicLayouts" */;
			buildPhases = (
				043600E621BD8175006F437F /* Sources */,
				043600E721BD8175006F437F /* Frameworks */,
				043600E821BD8175006F437F /* Resources */,
			);
			buildRules = (
			);
			dependencies = (
			);
			name = BasicLayouts;
			productName = BasicLayouts;
			productReference = 043600EA21BD8175006F437F /* BasicLayouts.app */;
			productType = "com.apple.product-type.application";
		};
		043600FD21BD8176006F437F /* BasicLayoutsTests */ = {
			isa = PBXNativeTarget;
			buildConfigurationList = 0436011521BD8176006F437F /* Build configuration list for PBXNativeTarget "BasicLayoutsTests" */;
			buildPhases = (
				043600FA21BD8176006F437F /* Sources */,
				043600FB21BD8176006F437F /* Frameworks */,
				043600FC21BD8176006F437F /* Resources */,
			);
			buildRules = (
			);
			dependencies = (
				0436010021BD8176006F437F /* PBXTargetDependency */,
			);
			name = BasicLayoutsTests;
			productName = BasicLayoutsTests;
			productReference = 043600FE21BD8176006F437F /* BasicLayoutsTests.xctest */;
			productType = "com.apple.product-type.bundle.unit-test";
		};
		0436010821BD8176006F437F /* BasicLayoutsUITests */ = {
			isa = PBXNativeTarget;
			buildConfigurationList = 0436011821BD8176006F437F /* Build configuration list for PBXNativeTarget "BasicLayoutsUITests" */;
			buildPhases = (
				0436010521BD8176006F437F /* Sources */,
				0436010621BD8176006F437F /* Frameworks */,
				0436010721BD8176006F437F /* Resources */,
			);
			buildRules = (
			);
			dependencies = (
				0436010B21BD8176006F437F /* PBXTargetDependency */,
			);
			name = BasicLayoutsUITests;
			productName = BasicLayoutsUITests;
			productReference = 0436010921BD8176006F437F /* BasicLayoutsUITests.xctest */;
			productType = "com.apple.product-type.bundle.ui-testing";
		};
/* End PBXNativeTarget section */

/* Begin PBXProject section */
		043600E221BD8175006F437F /* Project object */ = {
			isa = PBXProject;
			attributes = {
				LastSwiftUpdateCheck = 0900;
				LastUpgradeCheck = 0900;
				ORGANIZATIONNAME = Mac;
				TargetAttributes = {
					043600E921BD8175006F437F = {
						CreatedOnToolsVersion = 9.0;
						ProvisioningStyle = Automatic;
					};
					043600FD21BD8176006F437F = {
						CreatedOnToolsVersion = 9.0;
						ProvisioningStyle = Automatic;
						TestTargetID = 043600E921BD8175006F437F;
					};
					0436010821BD8176006F437F = {
						CreatedOnToolsVersion = 9.0;
						ProvisioningStyle = Automatic;
						TestTargetID = 043600E921BD8175006F437F;
					};
				};
			};
			buildConfigurationList = 043600E521BD8175006F437F /* Build configuration list for PBXProject "BasicLayouts" */;
			compatibilityVersion = "Xcode 8.0";
			developmentRegion = en;
			hasScannedForEncodings = 0;
			knownRegions = (
				en,
				Base,
			);
			mainGroup = 043600E121BD8175006F437F;
			productRefGroup = 043600EB21BD8175006F437F /* Products */;
			projectDirPath = "";
			projectRoot = "";
			targets = (
				043600E921BD8175006F437F /* BasicLayouts */,
				043600FD21BD8176006F437F /* BasicLayoutsTests */,
				0436010821BD8176006F437F /* BasicLayoutsUITests */,
			);
		};
/* End PBXProject section */

/* Begin PBXResourcesBuildPhase section */
		043600E821BD8175006F437F /* Resources */ = {
			isa = PBXResourcesBuildPhase;
			buildActionMask = 2147483647;
			files = (
				043600F821BD8175006F437F /* LaunchScreen.storyboard in Resources */,
				043600F521BD8175006F437F /* Assets.xcassets in Resources */,
				043600F321BD8175006F437F /* Main.storyboard in Resources */,
			);
			runOnlyForDeploymentPostprocessing = 0;
		};
		043600FC21BD8176006F437F /* Resources */ = {
			isa = PBXResourcesBuildPhase;
			buildActionMask = 2147483647;
			files = (
			);
			runOnlyForDeploymentPostprocessing = 0;
		};
		0436010721BD8176006F437F /* Resources */ = {
			isa = PBXResourcesBuildPhase;
			buildActionMask = 2147483647;
			files = (
			);
			runOnlyForDeploymentPostprocessing = 0;
		};
/* End PBXResourcesBuildPhase section */

/* Begin PBXSourcesBuildPhase section */
		043600E621BD8175006F437F /* Sources */ = {
			isa = PBXSourcesBuildPhase;
			buildActionMask = 2147483647;
			files = (
				043600F021BD8175006F437F /* ViewController.swift in Sources */,
				043600EE21BD8175006F437F /* AppDelegate.swift in Sources */,
			);
			runOnlyForDeploymentPostprocessing = 0;
		};
		043600FA21BD8176006F437F /* Sources */ = {
			isa = PBXSourcesBuildPhase;
			buildActionMask = 2147483647;
			files = (
				0436010321BD8176006F437F /* BasicLayoutsTests.swift in Sources */,
			);
			runOnlyForDeploymentPostprocessing = 0;
		};
		0436010521BD8176006F437F /* Sources */ = {
			isa = PBXSourcesBuildPhase;
			buildActionMask = 2147483647;
			files = (
				0436010E21BD8176006F437F /* BasicLayoutsUITests.swift in Sources */,
			);
			runOnlyForDeploymentPostprocessing = 0;
		};
/* End PBXSourcesBuildPhase section */

/* Begin PBXTargetDependency section */
		0436010021BD8176006F437F /* PBXTargetDependency */ = {
			isa = PBXTargetDependency;
			target = 043600E921BD8175006F437F /* BasicLayouts */;
			targetProxy = 043600FF21BD8176006F437F /* PBXContainerItemProxy */;
		};
		0436010B21BD8176006F437F /* PBXTargetDependency */ = {
			isa = PBXTargetDependency;
			target = 043600E921BD8175006F437F /* BasicLayouts */;
			targetProxy = 0436010A21BD8176006F437F /* PBXContainerItemProxy */;
		};
/* End PBXTargetDependency section */

/* Begin PBXVariantGroup section */
		043600F121BD8175006F437F /* Main.storyboard */ = {
			isa = PBXVariantGroup;
			children = (
				043600F221BD8175006F437F /* Base */,
			);
			name = Main.storyboard;
			sourceTree = "<group>";
		};
		043600F621BD8175006F437F /* LaunchScreen.storyboard */ = {
			isa = PBXVariantGroup;
			children = (
				043600F721BD8175006F437F /* Base */,
			);
			name = LaunchScreen.storyboard;
			sourceTree = "<group>";
		};
/* End PBXVariantGroup section */

/* Begin XCBuildConfiguration section */
		0436011021BD8176006F437F /* Debug */ = {
			isa = XCBuildConfiguration;
			buildSettings = {
				ALWAYS_SEARCH_USER_PATHS = NO;
				CLANG_ANALYZER_NONNULL = YES;
				CLANG_ANALYZER_NUMBER_OBJECT_CONVERSION = YES_AGGRESSIVE;
				CLANG_CXX_LANGUAGE_STANDARD = "gnu++14";
				CLANG_CXX_LIBRARY = "libc++";
				CLANG_ENABLE_MODULES = YES;
				CLANG_ENABLE_OBJC_ARC = YES;
				CLANG_WARN_BLOCK_CAPTURE_AUTORELEASING = YES;
				CLANG_WARN_BOOL_CONVERSION = YES;
				CLANG_WARN_COMMA = YES;
				CLANG_WARN_CONSTANT_CONVERSION = YES;
				CLANG_WARN_DIRECT_OBJC_ISA_USAGE = YES_ERROR;
				CLANG_WARN_DOCUMENTATION_COMMENTS = YES;
				CLANG_WARN_EMPTY_BODY = YES;
				CLANG_WARN_ENUM_CONVERSION = YES;
				CLANG_WARN_INFINITE_RECURSION = YES;
				CLANG_WARN_INT_CONVERSION = YES;
				CLANG_WARN_NON_LITERAL_NULL_CONVERSION = YES;
				CLANG_WARN_OBJC_LITERAL_CONVERSION = YES;
				CLANG_WARN_OBJC_ROOT_CLASS = YES_ERROR;
				CLANG_WARN_RANGE_LOOP_ANALYSIS = YES;
				CLANG_WARN_STRICT_PROTOTYPES = YES;
				CLANG_WARN_SUSPICIOUS_MOVE = YES;
				CLANG_WARN_UNGUARDED_AVAILABILITY = YES_AGGRESSIVE;
				CLANG_WARN_UNREACHABLE_CODE = YES;
				CLANG_WARN__DUPLICATE_METHOD_MATCH = YES;
				CODE_SIGN_IDENTITY = "iPhone Developer";
				COPY_PHASE_STRIP = NO;
				DEBUG_INFORMATION_FORMAT = dwarf;
				ENABLE_STRICT_OBJC_MSGSEND = YES;
				ENABLE_TESTABILITY = YES;
				GCC_C_LANGUAGE_STANDARD = gnu11;
				GCC_DYNAMIC_NO_PIC = NO;
				GCC_NO_COMMON_BLOCKS = YES;
				GCC_OPTIMIZATION_LEVEL = 0;
				GCC_PREPROCESSOR_DEFINITIONS = (
					"DEBUG=1",
					"$(inherited)",
				);
				GCC_WARN_64_TO_32_BIT_CONVERSION = YES;
				GCC_WARN_ABOUT_RETURN_TYPE = YES_ERROR;
				GCC_WARN_UNDECLARED_SELECTOR = YES;
				GCC_WARN_UNINITIALIZED_AUTOS = YES_AGGRESSIVE;
				GCC_WARN_UNUSED_FUNCTION = YES;
				GCC_WARN_UNUSED_VARIABLE = YES;
				IPHONEOS_DEPLOYMENT_TARGET = 11.0;
				MTL_ENABLE_DEBUG_INFO = YES;
				ONLY_ACTIVE_ARCH = YES;
				SDKROOT = iphoneos;
				SWIFT_ACTIVE_COMPILATION_CONDITIONS = DEBUG;
				SWIFT_OPTIMIZATION_LEVEL = "-Onone";
			};
			name = Debug;
		};
		0436011121BD8176006F437F /* Release */ = {
			isa = XCBuildConfiguration;
			buildSettings = {
				ALWAYS_SEARCH_USER_PATHS = NO;
				CLANG_ANALYZER_NONNULL = YES;
				CLANG_ANALYZER_NUMBER_OBJECT_CONVERSION = YES_AGGRESSIVE;
				CLANG_CXX_LANGUAGE_STANDARD = "gnu++14";
				CLANG_CXX_LIBRARY = "libc++";
				CLANG_ENABLE_MODULES = YES;
				CLANG_ENABLE_OBJC_ARC = YES;
				CLANG_WARN_BLOCK_CAPTURE_AUTORELEASING = YES;
				CLANG_WARN_BOOL_CONVERSION = YES;
				CLANG_WARN_COMMA = YES;
				CLANG_WARN_CONSTANT_CONVERSION = YES;
				CLANG_WARN_DIRECT_OBJC_ISA_USAGE = YES_ERROR;
				CLANG_WARN_DOCUMENTATION_COMMENTS = YES;
				CLANG_WARN_EMPTY_BODY = YES;
				CLANG_WARN_ENUM_CONVERSION = YES;
				CLANG_WARN_INFINITE_RECURSION = YES;
				CLANG_WARN_INT_CONVERSION = YES;
				CLANG_WARN_NON_LITERAL_NULL_CONVERSION = YES;
				CLANG_WARN_OBJC_LITERAL_CONVERSION = YES;
				CLANG_WARN_OBJC_ROOT_CLASS = YES_ERROR;
				CLANG_WARN_RANGE_LOOP_ANALYSIS = YES;
				CLANG_WARN_STRICT_PROTOTYPES = YES;
				CLANG_WARN_SUSPICIOUS_MOVE = YES;
				CLANG_WARN_UNGUARDED_AVAILABILITY = YES_AGGRESSIVE;
				CLANG_WARN_UNREACHABLE_CODE = YES;
				CLANG_WARN__DUPLICATE_METHOD_MATCH = YES;
				CODE_SIGN_IDENTITY = "iPhone Developer";
				COPY_PHASE_STRIP = NO;
				DEBUG_INFORMATION_FORMAT = "dwarf-with-dsym";
				ENABLE_NS_ASSERTIONS = NO;
				ENABLE_STRICT_OBJC_MSGSEND = YES;
				GCC_C_LANGUAGE_STANDARD = gnu11;
				GCC_NO_COMMON_BLOCKS = YES;
				GCC_WARN_64_TO_32_BIT_CONVERSION = YES;
				GCC_WARN_ABOUT_RETURN_TYPE = YES_ERROR;
				GCC_WARN_UNDECLARED_SELECTOR = YES;
				GCC_WARN_UNINITIALIZED_AUTOS = YES_AGGRESSIVE;
				GCC_WARN_UNUSED_FUNCTION = YES;
				GCC_WARN_UNUSED_VARIABLE = YES;
				IPHONEOS_DEPLOYMENT_TARGET = 11.0;
				MTL_ENABLE_DEBUG_INFO = NO;
				SDKROOT = iphoneos;
				SWIFT_OPTIMIZATION_LEVEL = "-Owholemodule";
				VALIDATE_PRODUCT = YES;
			};
			name = Release;
		};
		0436011321BD8176006F437F /* Debug */ = {
			isa = XCBuildConfiguration;
			buildSettings = {
				ASSETCATALOG_COMPILER_APPICON_NAME = AppIcon;
				CODE_SIGN_STYLE = Automatic;
				INFOPLIST_FILE = BasicLayouts/Info.plist;
				LD_RUNPATH_SEARCH_PATHS = "$(inherited) @executable_path/Frameworks";
				PRODUCT_BUNDLE_IDENTIFIER = com.alejandroleon.BasicLayouts;
				PRODUCT_NAME = "$(TARGET_NAME)";
				SWIFT_VERSION = 4.0;
				TARGETED_DEVICE_FAMILY = "1,2";
			};
			name = Debug;
		};
		0436011421BD8176006F437F /* Release */ = {
			isa = XCBuildConfiguration;
			buildSettings = {
				ASSETCATALOG_COMPILER_APPICON_NAME = AppIcon;
				CODE_SIGN_STYLE = Automatic;
				INFOPLIST_FILE = BasicLayouts/Info.plist;
				LD_RUNPATH_SEARCH_PATHS = "$(inherited) @executable_path/Frameworks";
				PRODUCT_BUNDLE_IDENTIFIER = com.alejandroleon.BasicLayouts;
				PRODUCT_NAME = "$(TARGET_NAME)";
				SWIFT_VERSION = 4.0;
				TARGETED_DEVICE_FAMILY = "1,2";
			};
			name = Release;
		};
		0436011621BD8176006F437F /* Debug */ = {
			isa = XCBuildConfiguration;
			buildSettings = {
				ALWAYS_EMBED_SWIFT_STANDARD_LIBRARIES = YES;
				BUNDLE_LOADER = "$(TEST_HOST)";
				CODE_SIGN_STYLE = Automatic;
				INFOPLIST_FILE = BasicLayoutsTests/Info.plist;
				LD_RUNPATH_SEARCH_PATHS = "$(inherited) @executable_path/Frameworks @loader_path/Frameworks";
				PRODUCT_BUNDLE_IDENTIFIER = com.alejandroleon.BasicLayoutsTests;
				PRODUCT_NAME = "$(TARGET_NAME)";
				SWIFT_VERSION = 4.0;
				TARGETED_DEVICE_FAMILY = "1,2";
				TEST_HOST = "$(BUILT_PRODUCTS_DIR)/BasicLayouts.app/BasicLayouts";
			};
			name = Debug;
		};
		0436011721BD8176006F437F /* Release */ = {
			isa = XCBuildConfiguration;
			buildSettings = {
				ALWAYS_EMBED_SWIFT_STANDARD_LIBRARIES = YES;
				BUNDLE_LOADER = "$(TEST_HOST)";
				CODE_SIGN_STYLE = Automatic;
				INFOPLIST_FILE = BasicLayoutsTests/Info.plist;
				LD_RUNPATH_SEARCH_PATHS = "$(inherited) @executable_path/Frameworks @loader_path/Frameworks";
				PRODUCT_BUNDLE_IDENTIFIER = com.alejandroleon.BasicLayoutsTests;
				PRODUCT_NAME = "$(TARGET_NAME)";
				SWIFT_VERSION = 4.0;
				TARGETED_DEVICE_FAMILY = "1,2";
				TEST_HOST = "$(BUILT_PRODUCTS_DIR)/BasicLayouts.app/BasicLayouts";
			};
			name = Release;
		};
		0436011921BD8176006F437F /* Debug */ = {
			isa = XCBuildConfiguration;
			buildSettings = {
				ALWAYS_EMBED_SWIFT_STANDARD_LIBRARIES = YES;
				CODE_SIGN_STYLE = Automatic;
				INFOPLIST_FILE = BasicLayoutsUITests/Info.plist;
				LD_RUNPATH_SEARCH_PATHS = "$(inherited) @executable_path/Frameworks @loader_path/Frameworks";
				PRODUCT_BUNDLE_IDENTIFIER = com.alejandroleon.BasicLayoutsUITests;
				PRODUCT_NAME = "$(TARGET_NAME)";
				SWIFT_VERSION = 4.0;
				TARGETED_DEVICE_FAMILY = "1,2";
				TEST_TARGET_NAME = BasicLayouts;
			};
			name = Debug;
		};
		0436011A21BD8176006F437F /* Release */ = {
			isa = XCBuildConfiguration;
			buildSettings = {
				ALWAYS_EMBED_SWIFT_STANDARD_LIBRARIES = YES;
				CODE_SIGN_STYLE = Automatic;
				INFOPLIST_FILE = BasicLayoutsUITests/Info.plist;
				LD_RUNPATH_SEARCH_PATHS = "$(inherited) @executable_path/Frameworks @loader_path/Frameworks";
				PRODUCT_BUNDLE_IDENTIFIER = com.alejandroleon.BasicLayoutsUITests;
				PRODUCT_NAME = "$(TARGET_NAME)";
				SWIFT_VERSION = 4.0;
				TARGETED_DEVICE_FAMILY = "1,2";
				TEST_TARGET_NAME = BasicLayouts;
			};
			name = Release;
		};
/* End XCBuildConfiguration section */

/* Begin XCConfigurationList section */
		043600E521BD8175006F437F /* Build configuration list for PBXProject "BasicLayouts" */ = {
			isa = XCConfigurationList;
			buildConfigurations = (
				0436011021BD8176006F437F /* Debug */,
				0436011121BD8176006F437F /* Release */,
			);
			defaultConfigurationIsVisible = 0;
			defaultConfigurationName = Release;
		};
		0436011221BD8176006F437F /* Build configuration list for PBXNativeTarget "BasicLayouts" */ = {
			isa = XCConfigurationList;
			buildConfigurations = (
				0436011321BD8176006F437F /* Debug */,
				0436011421BD8176006F437F /* Release */,
			);
			defaultConfigurationIsVisible = 0;
			defaultConfigurationName = Release;
		};
		0436011521BD8176006F437F /* Build configuration list for PBXNativeTarget "BasicLayoutsTests" */ = {
			isa = XCConfigurationList;
			buildConfigurations = (
				0436011621BD8176006F437F /* Debug */,
				0436011721BD8176006F437F /* Release */,
			);
			defaultConfigurationIsVisible = 0;
			defaultConfigurationName = Release;
		};
		0436011821BD8176006F437F /* Build configuration list for PBXNativeTarget "BasicLayoutsUITests" */ = {
			isa = XCConfigurationList;
			buildConfigurations = (
				0436011921BD8176006F437F /* Debug */,
				0436011A21BD8176006F437F /* Release */,
			);
			defaultConfigurationIsVisible = 0;
			defaultConfigurationName = Release;
		};
/* End XCConfigurationList section */
	};
	rootObject = 043600E221BD8175006F437F /* Project object */;
}
